
Microsoft Visual Studio Solution File, Format Version 12.00
# Visual Studio Version 17
VisualStudioVersion = 17.2.32616.157
MinimumVisualStudioVersion = 10.0.40219.1
Project("{FAE04EC0-301F-11D3-BF4B-00C04F79EFBC}") = "GraphQLDirector", "GraphQLDirector\GraphQLDirector.csproj", "{8CE9B3AB-B35C-4BDE-BBD6-8E497A6F171B}"
EndProject
Global
	GlobalSection(SolutionConfigurationPlatforms) = preSolution
		Debug|Any CPU = Debug|Any CPU
		Release|Any CPU = Release|Any CPU
	EndGlobalSection
	GlobalSection(ProjectConfigurationPlatforms) = postSolution
		{8CE9B3AB-B35C-4BDE-BBD6-8E497A6F171B}.Debug|Any CPU.ActiveCfg = Debug|Any CPU
		{8CE9B3AB-B35C-4BDE-BBD6-8E497A6F171B}.Debug|Any CPU.Build.0 = Debug|Any CPU
		{8CE9B3AB-B35C-4BDE-BBD6-8E497A6F171B}.Release|Any CPU.ActiveCfg = Release|Any CPU
		{8CE9B3AB-B35C-4BDE-BBD6-8E497A6F171B}.Release|Any CPU.Build.0 = Release|Any CPU
	EndGlobalSection
	GlobalSection(SolutionProperties) = preSolution
		HideSolutionNode = FALSE
	EndGlobalSection
	GlobalSection(ExtensibilityGlobals) = postSolution
		SolutionGuid = {E66EFA3D-A88D-4EDD-8EE2-967F6216FBC3}
	EndGlobalSection
EndGlobal
